
Microsoft Visual Studio Solution File, Format Version 12.00
# Visual Studio Version 17
VisualStudioVersion = 17.8.34330.188
MinimumVisualStudioVersion = 10.0.40219.1
Project("{2150E333-8FDC-42A3-9474-1A3956D46DE8}") = "essential c++", "essential c++", "{63ABD2AB-CB0B-4794-BE3F-8E72A3F8A14D}"
EndProject
Project("{2150E333-8FDC-42A3-9474-1A3956D46DE8}") = "c++程序设计（第四版）", "c++程序设计（第四版）", "{3FF727B8-64BC-4BC1-BE82-BBFC1AF59B37}"
EndProject
Project("{8BC9CEB8-8B4A-11D0-8D11-00A0C91BC942}") = "0.0 header", "essential c++\0.0 header\0.0 header.vcxproj", "{351F5B35-54A8-4F8D-BB68-EB8B6CB8FBF4}"
EndProject
Project("{8BC9CEB8-8B4A-11D0-8D11-00A0C91BC942}") = "2.1 fabonicci", "essential c++\2.1 fabonicci\fabonicci.vcxproj", "{A058CB9A-91FC-4506-9A04-2BFE381BCACA}"
EndProject
Project("{8BC9CEB8-8B4A-11D0-8D11-00A0C91BC942}") = "2.2 sort", "essential c++\2.2 sort\2.2 sort.vcxproj", "{6740A710-F140-4291-A609-E7F23EF71EA9}"
EndProject
Project("{8BC9CEB8-8B4A-11D0-8D11-00A0C91BC942}") = "第五章", "c++程序设计（第四版）\第五章\第五章.vcxproj", "{438D8F96-EDC9-49D1-AB4E-4A890D8354D9}"
EndProject
Project("{8BC9CEB8-8B4A-11D0-8D11-00A0C91BC942}") = "9.汉诺塔", "c++程序设计（第四版）\汉诺塔\汉诺塔.vcxproj", "{1189CA32-E52E-4093-A4C8-50B74F03CE42}"
EndProject
Project("{8BC9CEB8-8B4A-11D0-8D11-00A0C91BC942}") = "2.2 fibonacci_modified", "essential c++\2.2 fibonacci_modified\fibonacci_modified.vcxproj", "{715B0E02-D2CE-47F0-B298-DB6E6D9F9EB4}"
EndProject
Project("{8BC9CEB8-8B4A-11D0-8D11-00A0C91BC942}") = "2.3 sort array", "essential c++\2.3 default\2.3 default.vcxproj", "{45BD4009-F399-49AF-B53E-FBF533A16B8B}"
EndProject
Project("{8BC9CEB8-8B4A-11D0-8D11-00A0C91BC942}") = "2.8 pointers to function", "essential c++\2.8 pointers to function\2.8 pointers to function.vcxproj", "{E0630199-4AD7-4049-BE05-CBDF79474A5F}"
EndProject
Project("{8BC9CEB8-8B4A-11D0-8D11-00A0C91BC942}") = "3.1 vector iterator", "essential c++\3.1 vector iterator\3.1 vector iterator.vcxproj", "{5F641E24-A7F0-4D95-BFCE-5E8EF0F80920}"
EndProject
Project("{8BC9CEB8-8B4A-11D0-8D11-00A0C91BC942}") = "3.4 sequential containers", "essential c++\3.4 sequential containers\3.4 sequential containers.vcxproj", "{F6282DE2-D95F-499B-87A2-A2CD7D36778E}"
EndProject
Project("{8BC9CEB8-8B4A-11D0-8D11-00A0C91BC942}") = "3.6 generic algorithm", "essential c++\3.6 generic algorithm\3.6 generic algorithm.vcxproj", "{35B61BB5-247E-4825-A6CB-E40134459DEF}"
EndProject
Project("{8BC9CEB8-8B4A-11D0-8D11-00A0C91BC942}") = "4.1 how to implement a class", "essential c++\4.1 how to implement a class\4.1 how to implement a class.vcxproj", "{CE54A2FC-8773-413F-AA4E-783B44C859C8}"
EndProject
Project("{8BC9CEB8-8B4A-11D0-8D11-00A0C91BC942}") = "4.2 constructor and destructor", "essential c++\4.2 constructor and destructor\4.2 constructor and destructor.vcxproj", "{53FF6CC5-347D-40A5-BB74-29AC5E519BBD}"
EndProject
Project("{8BC9CEB8-8B4A-11D0-8D11-00A0C91BC942}") = "HJ1 last length of a string", "essential c++\HJ1 last length of a string\HJ1 last length of a string.vcxproj", "{F11148B1-6BBA-4C5C-BC2A-FB10B99A838B}"
EndProject
Project("{8BC9CEB8-8B4A-11D0-8D11-00A0C91BC942}") = "文件输入输出", "文件输入输出\文件输入输出.vcxproj", "{8F89CF6B-D2EE-4E50-B2AC-D42A2A1A970E}"
EndProject
Project("{2150E333-8FDC-42A3-9474-1A3956D46DE8}") = "机试", "机试", "{02EA681E-C7D8-13C7-8484-4AC65E1B71E8}"
EndProject
Project("{8BC9CEB8-8B4A-11D0-8D11-00A0C91BC942}") = "天平平衡", "天平平衡\天平平衡.vcxproj", "{5709B6C0-4425-4A40-A3DD-3CB0A616EFFA}"
EndProject
Project("{8BC9CEB8-8B4A-11D0-8D11-00A0C91BC942}") = "二进制回文", "机试习题\二进制回文\二进制回文.vcxproj", "{BD36FC43-8151-41CD-993A-C19D2BB89F58}"
EndProject
Project("{8BC9CEB8-8B4A-11D0-8D11-00A0C91BC942}") = "KMP", "力扣练习\KMP\KMP.vcxproj", "{FD283655-2A58-4540-902A-0F74FE95C60A}"
EndProject
Project("{8BC9CEB8-8B4A-11D0-8D11-00A0C91BC942}") = "树节点最长链", "树节点最长链\树节点最长链.vcxproj", "{C1F041DC-95D5-4EB3-934D-2B230A69779C}"
EndProject
Project("{8BC9CEB8-8B4A-11D0-8D11-00A0C91BC942}") = "电力站", "电力站\电力站.vcxproj", "{6FF4378E-7411-4B63-B800-7D8C9BB653F4}"
EndProject
Project("{8BC9CEB8-8B4A-11D0-8D11-00A0C91BC942}") = "开宝箱", "开宝箱\开宝箱.vcxproj", "{675E6F77-77DA-4BF4-86FD-3C4779622D1C}"
EndProject
Project("{2150E333-8FDC-42A3-9474-1A3956D46DE8}") = "携程", "携程", "{2A36517B-EA5F-483F-885F-D4ACC931CBA5}"
EndProject
Project("{8BC9CEB8-8B4A-11D0-8D11-00A0C91BC942}") = "时间回文", "时间回文\时间回文.vcxproj", "{B45B4F41-101C-4961-B10E-95EA6F2599FB}"
EndProject
Project("{8BC9CEB8-8B4A-11D0-8D11-00A0C91BC942}") = "区间交集", "区间交集\区间交集.vcxproj", "{3226F4DA-6E53-492B-B853-C46127B18462}"
EndProject
Project("{8BC9CEB8-8B4A-11D0-8D11-00A0C91BC942}") = "送菜机器人", "送菜机器人\送菜机器人.vcxproj", "{625B7BF1-6A76-440E-89D3-0B5ECC0E46C9}"
EndProject
Project("{8BC9CEB8-8B4A-11D0-8D11-00A0C91BC942}") = "乐谱", "乐谱\乐谱.vcxproj", "{A43FB447-7689-4B4C-A430-28259E669B2D}"
EndProject
Project("{2150E333-8FDC-42A3-9474-1A3956D46DE8}") = "美团", "美团", "{12C7AFFB-A3CB-4550-8733-54949999F48F}"
EndProject
Project("{8BC9CEB8-8B4A-11D0-8D11-00A0C91BC942}") = "激光打印导航", "激光打印导航\激光打印导航.vcxproj", "{827B03A5-F865-4882-8096-7887EA2B3BED}"
EndProject
Project("{8BC9CEB8-8B4A-11D0-8D11-00A0C91BC942}") = "最小极差删除操作", "最小极差删除操作\最小极差删除操作.vcxproj", "{2D24B05A-605A-4312-A0D2-4BE599C43D71}"
EndProject
Global
	GlobalSection(SolutionConfigurationPlatforms) = preSolution
		Debug|x64 = Debug|x64
		Debug|x86 = Debug|x86
		Release|x64 = Release|x64
		Release|x86 = Release|x86
	EndGlobalSection
	GlobalSection(ProjectConfigurationPlatforms) = postSolution
		{351F5B35-54A8-4F8D-BB68-EB8B6CB8FBF4}.Debug|x64.ActiveCfg = Debug|x64
		{351F5B35-54A8-4F8D-BB68-EB8B6CB8FBF4}.Debug|x64.Build.0 = Debug|x64
		{351F5B35-54A8-4F8D-BB68-EB8B6CB8FBF4}.Debug|x86.ActiveCfg = Debug|Win32
		{351F5B35-54A8-4F8D-BB68-EB8B6CB8FBF4}.Debug|x86.Build.0 = Debug|Win32
		{351F5B35-54A8-4F8D-BB68-EB8B6CB8FBF4}.Release|x64.ActiveCfg = Release|x64
		{351F5B35-54A8-4F8D-BB68-EB8B6CB8FBF4}.Release|x64.Build.0 = Release|x64
		{351F5B35-54A8-4F8D-BB68-EB8B6CB8FBF4}.Release|x86.ActiveCfg = Release|Win32
		{351F5B35-54A8-4F8D-BB68-EB8B6CB8FBF4}.Release|x86.Build.0 = Release|Win32
		{A058CB9A-91FC-4506-9A04-2BFE381BCACA}.Debug|x64.ActiveCfg = Debug|x64
		{A058CB9A-91FC-4506-9A04-2BFE381BCACA}.Debug|x64.Build.0 = Debug|x64
		{A058CB9A-91FC-4506-9A04-2BFE381BCACA}.Debug|x86.ActiveCfg = Debug|Win32
		{A058CB9A-91FC-4506-9A04-2BFE381BCACA}.Debug|x86.Build.0 = Debug|Win32
		{A058CB9A-91FC-4506-9A04-2BFE381BCACA}.Release|x64.ActiveCfg = Release|x64
		{A058CB9A-91FC-4506-9A04-2BFE381BCACA}.Release|x64.Build.0 = Release|x64
		{A058CB9A-91FC-4506-9A04-2BFE381BCACA}.Release|x86.ActiveCfg = Release|Win32
		{A058CB9A-91FC-4506-9A04-2BFE381BCACA}.Release|x86.Build.0 = Release|Win32
		{6740A710-F140-4291-A609-E7F23EF71EA9}.Debug|x64.ActiveCfg = Debug|x64
		{6740A710-F140-4291-A609-E7F23EF71EA9}.Debug|x64.Build.0 = Debug|x64
		{6740A710-F140-4291-A609-E7F23EF71EA9}.Debug|x86.ActiveCfg = Debug|Win32
		{6740A710-F140-4291-A609-E7F23EF71EA9}.Debug|x86.Build.0 = Debug|Win32
		{6740A710-F140-4291-A609-E7F23EF71EA9}.Release|x64.ActiveCfg = Release|x64
		{6740A710-F140-4291-A609-E7F23EF71EA9}.Release|x64.Build.0 = Release|x64
		{6740A710-F140-4291-A609-E7F23EF71EA9}.Release|x86.ActiveCfg = Release|Win32
		{6740A710-F140-4291-A609-E7F23EF71EA9}.Release|x86.Build.0 = Release|Win32
		{438D8F96-EDC9-49D1-AB4E-4A890D8354D9}.Debug|x64.ActiveCfg = Debug|x64
		{438D8F96-EDC9-49D1-AB4E-4A890D8354D9}.Debug|x64.Build.0 = Debug|x64
		{438D8F96-EDC9-49D1-AB4E-4A890D8354D9}.Debug|x86.ActiveCfg = Debug|Win32
		{438D8F96-EDC9-49D1-AB4E-4A890D8354D9}.Debug|x86.Build.0 = Debug|Win32
		{438D8F96-EDC9-49D1-AB4E-4A890D8354D9}.Release|x64.ActiveCfg = Release|x64
		{438D8F96-EDC9-49D1-AB4E-4A890D8354D9}.Release|x64.Build.0 = Release|x64
		{438D8F96-EDC9-49D1-AB4E-4A890D8354D9}.Release|x86.ActiveCfg = Release|Win32
		{438D8F96-EDC9-49D1-AB4E-4A890D8354D9}.Release|x86.Build.0 = Release|Win32
		{1189CA32-E52E-4093-A4C8-50B74F03CE42}.Debug|x64.ActiveCfg = Debug|x64
		{1189CA32-E52E-4093-A4C8-50B74F03CE42}.Debug|x64.Build.0 = Debug|x64
		{1189CA32-E52E-4093-A4C8-50B74F03CE42}.Debug|x86.ActiveCfg = Debug|Win32
		{1189CA32-E52E-4093-A4C8-50B74F03CE42}.Debug|x86.Build.0 = Debug|Win32
		{1189CA32-E52E-4093-A4C8-50B74F03CE42}.Release|x64.ActiveCfg = Release|x64
		{1189CA32-E52E-4093-A4C8-50B74F03CE42}.Release|x64.Build.0 = Release|x64
		{1189CA32-E52E-4093-A4C8-50B74F03CE42}.Release|x86.ActiveCfg = Release|Win32
		{1189CA32-E52E-4093-A4C8-50B74F03CE42}.Release|x86.Build.0 = Release|Win32
		{715B0E02-D2CE-47F0-B298-DB6E6D9F9EB4}.Debug|x64.ActiveCfg = Debug|x64
		{715B0E02-D2CE-47F0-B298-DB6E6D9F9EB4}.Debug|x64.Build.0 = Debug|x64
		{715B0E02-D2CE-47F0-B298-DB6E6D9F9EB4}.Debug|x86.ActiveCfg = Debug|Win32
		{715B0E02-D2CE-47F0-B298-DB6E6D9F9EB4}.Debug|x86.Build.0 = Debug|Win32
		{715B0E02-D2CE-47F0-B298-DB6E6D9F9EB4}.Release|x64.ActiveCfg = Release|x64
		{715B0E02-D2CE-47F0-B298-DB6E6D9F9EB4}.Release|x64.Build.0 = Release|x64
		{715B0E02-D2CE-47F0-B298-DB6E6D9F9EB4}.Release|x86.ActiveCfg = Release|Win32
		{715B0E02-D2CE-47F0-B298-DB6E6D9F9EB4}.Release|x86.Build.0 = Release|Win32
		{45BD4009-F399-49AF-B53E-FBF533A16B8B}.Debug|x64.ActiveCfg = Debug|x64
		{45BD4009-F399-49AF-B53E-FBF533A16B8B}.Debug|x64.Build.0 = Debug|x64
		{45BD4009-F399-49AF-B53E-FBF533A16B8B}.Debug|x86.ActiveCfg = Debug|Win32
		{45BD4009-F399-49AF-B53E-FBF533A16B8B}.Debug|x86.Build.0 = Debug|Win32
		{45BD4009-F399-49AF-B53E-FBF533A16B8B}.Release|x64.ActiveCfg = Release|x64
		{45BD4009-F399-49AF-B53E-FBF533A16B8B}.Release|x64.Build.0 = Release|x64
		{45BD4009-F399-49AF-B53E-FBF533A16B8B}.Release|x86.ActiveCfg = Release|Win32
		{45BD4009-F399-49AF-B53E-FBF533A16B8B}.Release|x86.Build.0 = Release|Win32
		{E0630199-4AD7-4049-BE05-CBDF79474A5F}.Debug|x64.ActiveCfg = Debug|x64
		{E0630199-4AD7-4049-BE05-CBDF79474A5F}.Debug|x64.Build.0 = Debug|x64
		{E0630199-4AD7-4049-BE05-CBDF79474A5F}.Debug|x86.ActiveCfg = Debug|Win32
		{E0630199-4AD7-4049-BE05-CBDF79474A5F}.Debug|x86.Build.0 = Debug|Win32
		{E0630199-4AD7-4049-BE05-CBDF79474A5F}.Release|x64.ActiveCfg = Release|x64
		{E0630199-4AD7-4049-BE05-CBDF79474A5F}.Release|x64.Build.0 = Release|x64
		{E0630199-4AD7-4049-BE05-CBDF79474A5F}.Release|x86.ActiveCfg = Release|Win32
		{E0630199-4AD7-4049-BE05-CBDF79474A5F}.Release|x86.Build.0 = Release|Win32
		{5F641E24-A7F0-4D95-BFCE-5E8EF0F80920}.Debug|x64.ActiveCfg = Debug|x64
		{5F641E24-A7F0-4D95-BFCE-5E8EF0F80920}.Debug|x64.Build.0 = Debug|x64
		{5F641E24-A7F0-4D95-BFCE-5E8EF0F80920}.Debug|x86.ActiveCfg = Debug|Win32
		{5F641E24-A7F0-4D95-BFCE-5E8EF0F80920}.Debug|x86.Build.0 = Debug|Win32
		{5F641E24-A7F0-4D95-BFCE-5E8EF0F80920}.Release|x64.ActiveCfg = Release|x64
		{5F641E24-A7F0-4D95-BFCE-5E8EF0F80920}.Release|x64.Build.0 = Release|x64
		{5F641E24-A7F0-4D95-BFCE-5E8EF0F80920}.Release|x86.ActiveCfg = Release|Win32
		{5F641E24-A7F0-4D95-BFCE-5E8EF0F80920}.Release|x86.Build.0 = Release|Win32
		{F6282DE2-D95F-499B-87A2-A2CD7D36778E}.Debug|x64.ActiveCfg = Debug|x64
		{F6282DE2-D95F-499B-87A2-A2CD7D36778E}.Debug|x64.Build.0 = Debug|x64
		{F6282DE2-D95F-499B-87A2-A2CD7D36778E}.Debug|x86.ActiveCfg = Debug|Win32
		{F6282DE2-D95F-499B-87A2-A2CD7D36778E}.Debug|x86.Build.0 = Debug|Win32
		{F6282DE2-D95F-499B-87A2-A2CD7D36778E}.Release|x64.ActiveCfg = Release|x64
		{F6282DE2-D95F-499B-87A2-A2CD7D36778E}.Release|x64.Build.0 = Release|x64
		{F6282DE2-D95F-499B-87A2-A2CD7D36778E}.Release|x86.ActiveCfg = Release|Win32
		{F6282DE2-D95F-499B-87A2-A2CD7D36778E}.Release|x86.Build.0 = Release|Win32
		{35B61BB5-247E-4825-A6CB-E40134459DEF}.Debug|x64.ActiveCfg = Debug|x64
		{35B61BB5-247E-4825-A6CB-E40134459DEF}.Debug|x64.Build.0 = Debug|x64
		{35B61BB5-247E-4825-A6CB-E40134459DEF}.Debug|x86.ActiveCfg = Debug|Win32
		{35B61BB5-247E-4825-A6CB-E40134459DEF}.Debug|x86.Build.0 = Debug|Win32
		{35B61BB5-247E-4825-A6CB-E40134459DEF}.Release|x64.ActiveCfg = Release|x64
		{35B61BB5-247E-4825-A6CB-E40134459DEF}.Release|x64.Build.0 = Release|x64
		{35B61BB5-247E-4825-A6CB-E40134459DEF}.Release|x86.ActiveCfg = Release|Win32
		{35B61BB5-247E-4825-A6CB-E40134459DEF}.Release|x86.Build.0 = Release|Win32
		{CE54A2FC-8773-413F-AA4E-783B44C859C8}.Debug|x64.ActiveCfg = Debug|x64
		{CE54A2FC-8773-413F-AA4E-783B44C859C8}.Debug|x64.Build.0 = Debug|x64
		{CE54A2FC-8773-413F-AA4E-783B44C859C8}.Debug|x86.ActiveCfg = Debug|Win32
		{CE54A2FC-8773-413F-AA4E-783B44C859C8}.Debug|x86.Build.0 = Debug|Win32
		{CE54A2FC-8773-413F-AA4E-783B44C859C8}.Release|x64.ActiveCfg = Release|x64
		{CE54A2FC-8773-413F-AA4E-783B44C859C8}.Release|x64.Build.0 = Release|x64
		{CE54A2FC-8773-413F-AA4E-783B44C859C8}.Release|x86.ActiveCfg = Release|Win32
		{CE54A2FC-8773-413F-AA4E-783B44C859C8}.Release|x86.Build.0 = Release|Win32
		{53FF6CC5-347D-40A5-BB74-29AC5E519BBD}.Debug|x64.ActiveCfg = Debug|x64
		{53FF6CC5-347D-40A5-BB74-29AC5E519BBD}.Debug|x64.Build.0 = Debug|x64
		{53FF6CC5-347D-40A5-BB74-29AC5E519BBD}.Debug|x86.ActiveCfg = Debug|Win32
		{53FF6CC5-347D-40A5-BB74-29AC5E519BBD}.Debug|x86.Build.0 = Debug|Win32
		{53FF6CC5-347D-40A5-BB74-29AC5E519BBD}.Release|x64.ActiveCfg = Release|x64
		{53FF6CC5-347D-40A5-BB74-29AC5E519BBD}.Release|x64.Build.0 = Release|x64
		{53FF6CC5-347D-40A5-BB74-29AC5E519BBD}.Release|x86.ActiveCfg = Release|Win32
		{53FF6CC5-347D-40A5-BB74-29AC5E519BBD}.Release|x86.Build.0 = Release|Win32
		{F11148B1-6BBA-4C5C-BC2A-FB10B99A838B}.Debug|x64.ActiveCfg = Debug|x64
		{F11148B1-6BBA-4C5C-BC2A-FB10B99A838B}.Debug|x64.Build.0 = Debug|x64
		{F11148B1-6BBA-4C5C-BC2A-FB10B99A838B}.Debug|x86.ActiveCfg = Debug|Win32
		{F11148B1-6BBA-4C5C-BC2A-FB10B99A838B}.Debug|x86.Build.0 = Debug|Win32
		{F11148B1-6BBA-4C5C-BC2A-FB10B99A838B}.Release|x64.ActiveCfg = Release|x64
		{F11148B1-6BBA-4C5C-BC2A-FB10B99A838B}.Release|x64.Build.0 = Release|x64
		{F11148B1-6BBA-4C5C-BC2A-FB10B99A838B}.Release|x86.ActiveCfg = Release|Win32
		{F11148B1-6BBA-4C5C-BC2A-FB10B99A838B}.Release|x86.Build.0 = Release|Win32
		{8F89CF6B-D2EE-4E50-B2AC-D42A2A1A970E}.Debug|x64.ActiveCfg = Debug|x64
		{8F89CF6B-D2EE-4E50-B2AC-D42A2A1A970E}.Debug|x64.Build.0 = Debug|x64
		{8F89CF6B-D2EE-4E50-B2AC-D42A2A1A970E}.Debug|x86.ActiveCfg = Debug|Win32
		{8F89CF6B-D2EE-4E50-B2AC-D42A2A1A970E}.Debug|x86.Build.0 = Debug|Win32
		{8F89CF6B-D2EE-4E50-B2AC-D42A2A1A970E}.Release|x64.ActiveCfg = Release|x64
		{8F89CF6B-D2EE-4E50-B2AC-D42A2A1A970E}.Release|x64.Build.0 = Release|x64
		{8F89CF6B-D2EE-4E50-B2AC-D42A2A1A970E}.Release|x86.ActiveCfg = Release|Win32
		{8F89CF6B-D2EE-4E50-B2AC-D42A2A1A970E}.Release|x86.Build.0 = Release|Win32
		{5709B6C0-4425-4A40-A3DD-3CB0A616EFFA}.Debug|x64.ActiveCfg = Debug|x64
		{5709B6C0-4425-4A40-A3DD-3CB0A616EFFA}.Debug|x64.Build.0 = Debug|x64
		{5709B6C0-4425-4A40-A3DD-3CB0A616EFFA}.Debug|x86.ActiveCfg = Debug|Win32
		{5709B6C0-4425-4A40-A3DD-3CB0A616EFFA}.Debug|x86.Build.0 = Debug|Win32
		{5709B6C0-4425-4A40-A3DD-3CB0A616EFFA}.Release|x64.ActiveCfg = Release|x64
		{5709B6C0-4425-4A40-A3DD-3CB0A616EFFA}.Release|x64.Build.0 = Release|x64
		{5709B6C0-4425-4A40-A3DD-3CB0A616EFFA}.Release|x86.ActiveCfg = Release|Win32
		{5709B6C0-4425-4A40-A3DD-3CB0A616EFFA}.Release|x86.Build.0 = Release|Win32
		{BD36FC43-8151-41CD-993A-C19D2BB89F58}.Debug|x64.ActiveCfg = Debug|x64
		{BD36FC43-8151-41CD-993A-C19D2BB89F58}.Debug|x64.Build.0 = Debug|x64
		{BD36FC43-8151-41CD-993A-C19D2BB89F58}.Debug|x86.ActiveCfg = Debug|Win32
		{BD36FC43-8151-41CD-993A-C19D2BB89F58}.Debug|x86.Build.0 = Debug|Win32
		{BD36FC43-8151-41CD-993A-C19D2BB89F58}.Release|x64.ActiveCfg = Release|x64
		{BD36FC43-8151-41CD-993A-C19D2BB89F58}.Release|x64.Build.0 = Release|x64
		{BD36FC43-8151-41CD-993A-C19D2BB89F58}.Release|x86.ActiveCfg = Release|Win32
		{BD36FC43-8151-41CD-993A-C19D2BB89F58}.Release|x86.Build.0 = Release|Win32
		{FD283655-2A58-4540-902A-0F74FE95C60A}.Debug|x64.ActiveCfg = Debug|x64
		{FD283655-2A58-4540-902A-0F74FE95C60A}.Debug|x64.Build.0 = Debug|x64
		{FD283655-2A58-4540-902A-0F74FE95C60A}.Debug|x86.ActiveCfg = Debug|Win32
		{FD283655-2A58-4540-902A-0F74FE95C60A}.Debug|x86.Build.0 = Debug|Win32
		{FD283655-2A58-4540-902A-0F74FE95C60A}.Release|x64.ActiveCfg = Release|x64
		{FD283655-2A58-4540-902A-0F74FE95C60A}.Release|x64.Build.0 = Release|x64
		{FD283655-2A58-4540-902A-0F74FE95C60A}.Release|x86.ActiveCfg = Release|Win32
		{FD283655-2A58-4540-902A-0F74FE95C60A}.Release|x86.Build.0 = Release|Win32
		{C1F041DC-95D5-4EB3-934D-2B230A69779C}.Debug|x64.ActiveCfg = Debug|x64
		{C1F041DC-95D5-4EB3-934D-2B230A69779C}.Debug|x64.Build.0 = Debug|x64
		{C1F041DC-95D5-4EB3-934D-2B230A69779C}.Debug|x86.ActiveCfg = Debug|Win32
		{C1F041DC-95D5-4EB3-934D-2B230A69779C}.Debug|x86.Build.0 = Debug|Win32
		{C1F041DC-95D5-4EB3-934D-2B230A69779C}.Release|x64.ActiveCfg = Release|x64
		{C1F041DC-95D5-4EB3-934D-2B230A69779C}.Release|x64.Build.0 = Release|x64
		{C1F041DC-95D5-4EB3-934D-2B230A69779C}.Release|x86.ActiveCfg = Release|Win32
		{C1F041DC-95D5-4EB3-934D-2B230A69779C}.Release|x86.Build.0 = Release|Win32
		{6FF4378E-7411-4B63-B800-7D8C9BB653F4}.Debug|x64.ActiveCfg = Debug|x64
		{6FF4378E-7411-4B63-B800-7D8C9BB653F4}.Debug|x64.Build.0 = Debug|x64
		{6FF4378E-7411-4B63-B800-7D8C9BB653F4}.Debug|x86.ActiveCfg = Debug|Win32
		{6FF4378E-7411-4B63-B800-7D8C9BB653F4}.Debug|x86.Build.0 = Debug|Win32
		{6FF4378E-7411-4B63-B800-7D8C9BB653F4}.Release|x64.ActiveCfg = Release|x64
		{6FF4378E-7411-4B63-B800-7D8C9BB653F4}.Release|x64.Build.0 = Release|x64
		{6FF4378E-7411-4B63-B800-7D8C9BB653F4}.Release|x86.ActiveCfg = Release|Win32
		{6FF4378E-7411-4B63-B800-7D8C9BB653F4}.Release|x86.Build.0 = Release|Win32
		{675E6F77-77DA-4BF4-86FD-3C4779622D1C}.Debug|x64.ActiveCfg = Debug|x64
		{675E6F77-77DA-4BF4-86FD-3C4779622D1C}.Debug|x64.Build.0 = Debug|x64
		{675E6F77-77DA-4BF4-86FD-3C4779622D1C}.Debug|x86.ActiveCfg = Debug|Win32
		{675E6F77-77DA-4BF4-86FD-3C4779622D1C}.Debug|x86.Build.0 = Debug|Win32
		{675E6F77-77DA-4BF4-86FD-3C4779622D1C}.Release|x64.ActiveCfg = Release|x64
		{675E6F77-77DA-4BF4-86FD-3C4779622D1C}.Release|x64.Build.0 = Release|x64
		{675E6F77-77DA-4BF4-86FD-3C4779622D1C}.Release|x86.ActiveCfg = Release|Win32
		{675E6F77-77DA-4BF4-86FD-3C4779622D1C}.Release|x86.Build.0 = Release|Win32
		{B45B4F41-101C-4961-B10E-95EA6F2599FB}.Debug|x64.ActiveCfg = Debug|x64
		{B45B4F41-101C-4961-B10E-95EA6F2599FB}.Debug|x64.Build.0 = Debug|x64
		{B45B4F41-101C-4961-B10E-95EA6F2599FB}.Debug|x86.ActiveCfg = Debug|Win32
		{B45B4F41-101C-4961-B10E-95EA6F2599FB}.Debug|x86.Build.0 = Debug|Win32
		{B45B4F41-101C-4961-B10E-95EA6F2599FB}.Release|x64.ActiveCfg = Release|x64
		{B45B4F41-101C-4961-B10E-95EA6F2599FB}.Release|x64.Build.0 = Release|x64
		{B45B4F41-101C-4961-B10E-95EA6F2599FB}.Release|x86.ActiveCfg = Release|Win32
		{B45B4F41-101C-4961-B10E-95EA6F2599FB}.Release|x86.Build.0 = Release|Win32
		{3226F4DA-6E53-492B-B853-C46127B18462}.Debug|x64.ActiveCfg = Debug|x64
		{3226F4DA-6E53-492B-B853-C46127B18462}.Debug|x64.Build.0 = Debug|x64
		{3226F4DA-6E53-492B-B853-C46127B18462}.Debug|x86.ActiveCfg = Debug|Win32
		{3226F4DA-6E53-492B-B853-C46127B18462}.Debug|x86.Build.0 = Debug|Win32
		{3226F4DA-6E53-492B-B853-C46127B18462}.Release|x64.ActiveCfg = Release|x64
		{3226F4DA-6E53-492B-B853-C46127B18462}.Release|x64.Build.0 = Release|x64
		{3226F4DA-6E53-492B-B853-C46127B18462}.Release|x86.ActiveCfg = Release|Win32
		{3226F4DA-6E53-492B-B853-C46127B18462}.Release|x86.Build.0 = Release|Win32
		{625B7BF1-6A76-440E-89D3-0B5ECC0E46C9}.Debug|x64.ActiveCfg = Debug|x64
		{625B7BF1-6A76-440E-89D3-0B5ECC0E46C9}.Debug|x64.Build.0 = Debug|x64
		{625B7BF1-6A76-440E-89D3-0B5ECC0E46C9}.Debug|x86.ActiveCfg = Debug|Win32
		{625B7BF1-6A76-440E-89D3-0B5ECC0E46C9}.Debug|x86.Build.0 = Debug|Win32
		{625B7BF1-6A76-440E-89D3-0B5ECC0E46C9}.Release|x64.ActiveCfg = Release|x64
		{625B7BF1-6A76-440E-89D3-0B5ECC0E46C9}.Release|x64.Build.0 = Release|x64
		{625B7BF1-6A76-440E-89D3-0B5ECC0E46C9}.Release|x86.ActiveCfg = Release|Win32
		{625B7BF1-6A76-440E-89D3-0B5ECC0E46C9}.Release|x86.Build.0 = Release|Win32
		{A43FB447-7689-4B4C-A430-28259E669B2D}.Debug|x64.ActiveCfg = Debug|x64
		{A43FB447-7689-4B4C-A430-28259E669B2D}.Debug|x64.Build.0 = Debug|x64
		{A43FB447-7689-4B4C-A430-28259E669B2D}.Debug|x86.ActiveCfg = Debug|Win32
		{A43FB447-7689-4B4C-A430-28259E669B2D}.Debug|x86.Build.0 = Debug|Win32
		{A43FB447-7689-4B4C-A430-28259E669B2D}.Release|x64.ActiveCfg = Release|x64
		{A43FB447-7689-4B4C-A430-28259E669B2D}.Release|x64.Build.0 = Release|x64
		{A43FB447-7689-4B4C-A430-28259E669B2D}.Release|x86.ActiveCfg = Release|Win32
		{A43FB447-7689-4B4C-A430-28259E669B2D}.Release|x86.Build.0 = Release|Win32
		{827B03A5-F865-4882-8096-7887EA2B3BED}.Debug|x64.ActiveCfg = Debug|x64
		{827B03A5-F865-4882-8096-7887EA2B3BED}.Debug|x64.Build.0 = Debug|x64
		{827B03A5-F865-4882-8096-7887EA2B3BED}.Debug|x86.ActiveCfg = Debug|Win32
		{827B03A5-F865-4882-8096-7887EA2B3BED}.Debug|x86.Build.0 = Debug|Win32
		{827B03A5-F865-4882-8096-7887EA2B3BED}.Release|x64.ActiveCfg = Release|x64
		{827B03A5-F865-4882-8096-7887EA2B3BED}.Release|x64.Build.0 = Release|x64
		{827B03A5-F865-4882-8096-7887EA2B3BED}.Release|x86.ActiveCfg = Release|Win32
		{827B03A5-F865-4882-8096-7887EA2B3BED}.Release|x86.Build.0 = Release|Win32
		{2D24B05A-605A-4312-A0D2-4BE599C43D71}.Debug|x64.ActiveCfg = Debug|x64
		{2D24B05A-605A-4312-A0D2-4BE599C43D71}.Debug|x64.Build.0 = Debug|x64
		{2D24B05A-605A-4312-A0D2-4BE599C43D71}.Debug|x86.ActiveCfg = Debug|Win32
		{2D24B05A-605A-4312-A0D2-4BE599C43D71}.Debug|x86.Build.0 = Debug|Win32
		{2D24B05A-605A-4312-A0D2-4BE599C43D71}.Release|x64.ActiveCfg = Release|x64
		{2D24B05A-605A-4312-A0D2-4BE599C43D71}.Release|x64.Build.0 = Release|x64
		{2D24B05A-605A-4312-A0D2-4BE599C43D71}.Release|x86.ActiveCfg = Release|Win32
		{2D24B05A-605A-4312-A0D2-4BE599C43D71}.Release|x86.Build.0 = Release|Win32
	EndGlobalSection
	GlobalSection(SolutionProperties) = preSolution
		HideSolutionNode = FALSE
	EndGlobalSection
	GlobalSection(NestedProjects) = preSolution
		{351F5B35-54A8-4F8D-BB68-EB8B6CB8FBF4} = {63ABD2AB-CB0B-4794-BE3F-8E72A3F8A14D}
		{A058CB9A-91FC-4506-9A04-2BFE381BCACA} = {63ABD2AB-CB0B-4794-BE3F-8E72A3F8A14D}
		{6740A710-F140-4291-A609-E7F23EF71EA9} = {63ABD2AB-CB0B-4794-BE3F-8E72A3F8A14D}
		{438D8F96-EDC9-49D1-AB4E-4A890D8354D9} = {3FF727B8-64BC-4BC1-BE82-BBFC1AF59B37}
		{1189CA32-E52E-4093-A4C8-50B74F03CE42} = {3FF727B8-64BC-4BC1-BE82-BBFC1AF59B37}
		{715B0E02-D2CE-47F0-B298-DB6E6D9F9EB4} = {63ABD2AB-CB0B-4794-BE3F-8E72A3F8A14D}
		{45BD4009-F399-49AF-B53E-FBF533A16B8B} = {63ABD2AB-CB0B-4794-BE3F-8E72A3F8A14D}
		{E0630199-4AD7-4049-BE05-CBDF79474A5F} = {63ABD2AB-CB0B-4794-BE3F-8E72A3F8A14D}
		{5F641E24-A7F0-4D95-BFCE-5E8EF0F80920} = {63ABD2AB-CB0B-4794-BE3F-8E72A3F8A14D}
		{F6282DE2-D95F-499B-87A2-A2CD7D36778E} = {63ABD2AB-CB0B-4794-BE3F-8E72A3F8A14D}
		{35B61BB5-247E-4825-A6CB-E40134459DEF} = {63ABD2AB-CB0B-4794-BE3F-8E72A3F8A14D}
		{CE54A2FC-8773-413F-AA4E-783B44C859C8} = {63ABD2AB-CB0B-4794-BE3F-8E72A3F8A14D}
		{53FF6CC5-347D-40A5-BB74-29AC5E519BBD} = {63ABD2AB-CB0B-4794-BE3F-8E72A3F8A14D}
		{F11148B1-6BBA-4C5C-BC2A-FB10B99A838B} = {63ABD2AB-CB0B-4794-BE3F-8E72A3F8A14D}
		{5709B6C0-4425-4A40-A3DD-3CB0A616EFFA} = {02EA681E-C7D8-13C7-8484-4AC65E1B71E8}
		{BD36FC43-8151-41CD-993A-C19D2BB89F58} = {02EA681E-C7D8-13C7-8484-4AC65E1B71E8}
		{FD283655-2A58-4540-902A-0F74FE95C60A} = {02EA681E-C7D8-13C7-8484-4AC65E1B71E8}
		{C1F041DC-95D5-4EB3-934D-2B230A69779C} = {02EA681E-C7D8-13C7-8484-4AC65E1B71E8}
		{6FF4378E-7411-4B63-B800-7D8C9BB653F4} = {02EA681E-C7D8-13C7-8484-4AC65E1B71E8}
		{675E6F77-77DA-4BF4-86FD-3C4779622D1C} = {02EA681E-C7D8-13C7-8484-4AC65E1B71E8}
		{2A36517B-EA5F-483F-885F-D4ACC931CBA5} = {02EA681E-C7D8-13C7-8484-4AC65E1B71E8}
		{B45B4F41-101C-4961-B10E-95EA6F2599FB} = {2A36517B-EA5F-483F-885F-D4ACC931CBA5}
		{3226F4DA-6E53-492B-B853-C46127B18462} = {2A36517B-EA5F-483F-885F-D4ACC931CBA5}
		{625B7BF1-6A76-440E-89D3-0B5ECC0E46C9} = {2A36517B-EA5F-483F-885F-D4ACC931CBA5}
		{A43FB447-7689-4B4C-A430-28259E669B2D} = {2A36517B-EA5F-483F-885F-D4ACC931CBA5}
		{12C7AFFB-A3CB-4550-8733-54949999F48F} = {02EA681E-C7D8-13C7-8484-4AC65E1B71E8}
		{827B03A5-F865-4882-8096-7887EA2B3BED} = {12C7AFFB-A3CB-4550-8733-54949999F48F}
		{2D24B05A-605A-4312-A0D2-4BE599C43D71} = {12C7AFFB-A3CB-4550-8733-54949999F48F}
	EndGlobalSection
	GlobalSection(ExtensibilityGlobals) = postSolution
		SolutionGuid = {34321313-4357-4C80-A991-EF489BBF8024}
	EndGlobalSection
EndGlobal
