
Microsoft Visual Studio Solution File, Format Version 12.00
# Visual Studio Version 17
VisualStudioVersion = 17.8.34330.188
MinimumVisualStudioVersion = 10.0.40219.1
Project("{8BC9CEB8-8B4A-11D0-8D11-00A0C91BC942}") = "2.1 fabonicci", "fabonicci\fabonicci.vcxproj", "{D1DF3115-44DF-433D-A342-F5E4CE2F929E}"
EndProject
Project("{2150E333-8FDC-42A3-9474-1A3956D46DE8}") = "essential c++", "essential c++", "{63ABD2AB-CB0B-4794-BE3F-8E72A3F8A14D}"
EndProject
Project("{8BC9CEB8-8B4A-11D0-8D11-00A0C91BC942}") = "2.3 sort array", "2.3 default\2.3 default.vcxproj", "{45BD4009-F399-49AF-B53E-FBF533A16B8B}"
EndProject
Project("{8BC9CEB8-8B4A-11D0-8D11-00A0C91BC942}") = "2.2 fibonacci_modified", "fibonacci_modified\fibonacci_modified.vcxproj", "{715B0E02-D2CE-47F0-B298-DB6E6D9F9EB4}"
EndProject
Project("{8BC9CEB8-8B4A-11D0-8D11-00A0C91BC942}") = "2.8 pointers to function", "2.8 pointers to function\2.8 pointers to function.vcxproj", "{E0630199-4AD7-4049-BE05-CBDF79474A5F}"
EndProject
Project("{8BC9CEB8-8B4A-11D0-8D11-00A0C91BC942}") = "3.1 vector iterator", "3.1 vector iterator\3.1 vector iterator.vcxproj", "{5F641E24-A7F0-4D95-BFCE-5E8EF0F80920}"
EndProject
Project("{8BC9CEB8-8B4A-11D0-8D11-00A0C91BC942}") = "3.4 sequential containers", "3.4 sequential containers\3.4 sequential containers.vcxproj", "{F6282DE2-D95F-499B-87A2-A2CD7D36778E}"
EndProject
Project("{8BC9CEB8-8B4A-11D0-8D11-00A0C91BC942}") = "3.7-3.8 map and set", "3.6 generic algorthm\3.6 generic algorthm.vcxproj", "{B10A4542-5157-4421-868E-F0DEC36F87DE}"
EndProject
Project("{8BC9CEB8-8B4A-11D0-8D11-00A0C91BC942}") = "3.6 generic algorithm", "3.6 generic algorithm\3.6 generic algorithm.vcxproj", "{35B61BB5-247E-4825-A6CB-E40134459DEF}"
EndProject
Project("{8BC9CEB8-8B4A-11D0-8D11-00A0C91BC942}") = "4.1 how to implement a class", "4.1 how to implement a class\4.1 how to implement a class.vcxproj", "{CE54A2FC-8773-413F-AA4E-783B44C859C8}"
EndProject
Project("{2150E333-8FDC-42A3-9474-1A3956D46DE8}") = "od test", "od test", "{3FF727B8-64BC-4BC1-BE82-BBFC1AF59B37}"
EndProject
Project("{8BC9CEB8-8B4A-11D0-8D11-00A0C91BC942}") = "HJ1 last length of a string", "HJ1 last length of a string\HJ1 last length of a string.vcxproj", "{F11148B1-6BBA-4C5C-BC2A-FB10B99A838B}"
EndProject
Global
	GlobalSection(SolutionConfigurationPlatforms) = preSolution
		Debug|x64 = Debug|x64
		Debug|x86 = Debug|x86
		Release|x64 = Release|x64
		Release|x86 = Release|x86
	EndGlobalSection
	GlobalSection(ProjectConfigurationPlatforms) = postSolution
		{D1DF3115-44DF-433D-A342-F5E4CE2F929E}.Debug|x64.ActiveCfg = Debug|x64
		{D1DF3115-44DF-433D-A342-F5E4CE2F929E}.Debug|x64.Build.0 = Debug|x64
		{D1DF3115-44DF-433D-A342-F5E4CE2F929E}.Debug|x86.ActiveCfg = Debug|Win32
		{D1DF3115-44DF-433D-A342-F5E4CE2F929E}.Debug|x86.Build.0 = Debug|Win32
		{D1DF3115-44DF-433D-A342-F5E4CE2F929E}.Release|x64.ActiveCfg = Release|x64
		{D1DF3115-44DF-433D-A342-F5E4CE2F929E}.Release|x64.Build.0 = Release|x64
		{D1DF3115-44DF-433D-A342-F5E4CE2F929E}.Release|x86.ActiveCfg = Release|Win32
		{D1DF3115-44DF-433D-A342-F5E4CE2F929E}.Release|x86.Build.0 = Release|Win32
		{45BD4009-F399-49AF-B53E-FBF533A16B8B}.Debug|x64.ActiveCfg = Debug|x64
		{45BD4009-F399-49AF-B53E-FBF533A16B8B}.Debug|x64.Build.0 = Debug|x64
		{45BD4009-F399-49AF-B53E-FBF533A16B8B}.Debug|x86.ActiveCfg = Debug|Win32
		{45BD4009-F399-49AF-B53E-FBF533A16B8B}.Debug|x86.Build.0 = Debug|Win32
		{45BD4009-F399-49AF-B53E-FBF533A16B8B}.Release|x64.ActiveCfg = Release|x64
		{45BD4009-F399-49AF-B53E-FBF533A16B8B}.Release|x64.Build.0 = Release|x64
		{45BD4009-F399-49AF-B53E-FBF533A16B8B}.Release|x86.ActiveCfg = Release|Win32
		{45BD4009-F399-49AF-B53E-FBF533A16B8B}.Release|x86.Build.0 = Release|Win32
		{715B0E02-D2CE-47F0-B298-DB6E6D9F9EB4}.Debug|x64.ActiveCfg = Debug|x64
		{715B0E02-D2CE-47F0-B298-DB6E6D9F9EB4}.Debug|x64.Build.0 = Debug|x64
		{715B0E02-D2CE-47F0-B298-DB6E6D9F9EB4}.Debug|x86.ActiveCfg = Debug|Win32
		{715B0E02-D2CE-47F0-B298-DB6E6D9F9EB4}.Debug|x86.Build.0 = Debug|Win32
		{715B0E02-D2CE-47F0-B298-DB6E6D9F9EB4}.Release|x64.ActiveCfg = Release|x64
		{715B0E02-D2CE-47F0-B298-DB6E6D9F9EB4}.Release|x64.Build.0 = Release|x64
		{715B0E02-D2CE-47F0-B298-DB6E6D9F9EB4}.Release|x86.ActiveCfg = Release|Win32
		{715B0E02-D2CE-47F0-B298-DB6E6D9F9EB4}.Release|x86.Build.0 = Release|Win32
		{E0630199-4AD7-4049-BE05-CBDF79474A5F}.Debug|x64.ActiveCfg = Debug|x64
		{E0630199-4AD7-4049-BE05-CBDF79474A5F}.Debug|x64.Build.0 = Debug|x64
		{E0630199-4AD7-4049-BE05-CBDF79474A5F}.Debug|x86.ActiveCfg = Debug|Win32
		{E0630199-4AD7-4049-BE05-CBDF79474A5F}.Debug|x86.Build.0 = Debug|Win32
		{E0630199-4AD7-4049-BE05-CBDF79474A5F}.Release|x64.ActiveCfg = Release|x64
		{E0630199-4AD7-4049-BE05-CBDF79474A5F}.Release|x64.Build.0 = Release|x64
		{E0630199-4AD7-4049-BE05-CBDF79474A5F}.Release|x86.ActiveCfg = Release|Win32
		{E0630199-4AD7-4049-BE05-CBDF79474A5F}.Release|x86.Build.0 = Release|Win32
		{5F641E24-A7F0-4D95-BFCE-5E8EF0F80920}.Debug|x64.ActiveCfg = Debug|x64
		{5F641E24-A7F0-4D95-BFCE-5E8EF0F80920}.Debug|x64.Build.0 = Debug|x64
		{5F641E24-A7F0-4D95-BFCE-5E8EF0F80920}.Debug|x86.ActiveCfg = Debug|Win32
		{5F641E24-A7F0-4D95-BFCE-5E8EF0F80920}.Debug|x86.Build.0 = Debug|Win32
		{5F641E24-A7F0-4D95-BFCE-5E8EF0F80920}.Release|x64.ActiveCfg = Release|x64
		{5F641E24-A7F0-4D95-BFCE-5E8EF0F80920}.Release|x64.Build.0 = Release|x64
		{5F641E24-A7F0-4D95-BFCE-5E8EF0F80920}.Release|x86.ActiveCfg = Release|Win32
		{5F641E24-A7F0-4D95-BFCE-5E8EF0F80920}.Release|x86.Build.0 = Release|Win32
		{F6282DE2-D95F-499B-87A2-A2CD7D36778E}.Debug|x64.ActiveCfg = Debug|x64
		{F6282DE2-D95F-499B-87A2-A2CD7D36778E}.Debug|x64.Build.0 = Debug|x64
		{F6282DE2-D95F-499B-87A2-A2CD7D36778E}.Debug|x86.ActiveCfg = Debug|Win32
		{F6282DE2-D95F-499B-87A2-A2CD7D36778E}.Debug|x86.Build.0 = Debug|Win32
		{F6282DE2-D95F-499B-87A2-A2CD7D36778E}.Release|x64.ActiveCfg = Release|x64
		{F6282DE2-D95F-499B-87A2-A2CD7D36778E}.Release|x64.Build.0 = Release|x64
		{F6282DE2-D95F-499B-87A2-A2CD7D36778E}.Release|x86.ActiveCfg = Release|Win32
		{F6282DE2-D95F-499B-87A2-A2CD7D36778E}.Release|x86.Build.0 = Release|Win32
		{B10A4542-5157-4421-868E-F0DEC36F87DE}.Debug|x64.ActiveCfg = Debug|x64
		{B10A4542-5157-4421-868E-F0DEC36F87DE}.Debug|x64.Build.0 = Debug|x64
		{B10A4542-5157-4421-868E-F0DEC36F87DE}.Debug|x86.ActiveCfg = Debug|Win32
		{B10A4542-5157-4421-868E-F0DEC36F87DE}.Debug|x86.Build.0 = Debug|Win32
		{B10A4542-5157-4421-868E-F0DEC36F87DE}.Release|x64.ActiveCfg = Release|x64
		{B10A4542-5157-4421-868E-F0DEC36F87DE}.Release|x64.Build.0 = Release|x64
		{B10A4542-5157-4421-868E-F0DEC36F87DE}.Release|x86.ActiveCfg = Release|Win32
		{B10A4542-5157-4421-868E-F0DEC36F87DE}.Release|x86.Build.0 = Release|Win32
		{35B61BB5-247E-4825-A6CB-E40134459DEF}.Debug|x64.ActiveCfg = Debug|x64
		{35B61BB5-247E-4825-A6CB-E40134459DEF}.Debug|x64.Build.0 = Debug|x64
		{35B61BB5-247E-4825-A6CB-E40134459DEF}.Debug|x86.ActiveCfg = Debug|Win32
		{35B61BB5-247E-4825-A6CB-E40134459DEF}.Debug|x86.Build.0 = Debug|Win32
		{35B61BB5-247E-4825-A6CB-E40134459DEF}.Release|x64.ActiveCfg = Release|x64
		{35B61BB5-247E-4825-A6CB-E40134459DEF}.Release|x64.Build.0 = Release|x64
		{35B61BB5-247E-4825-A6CB-E40134459DEF}.Release|x86.ActiveCfg = Release|Win32
		{35B61BB5-247E-4825-A6CB-E40134459DEF}.Release|x86.Build.0 = Release|Win32
		{CE54A2FC-8773-413F-AA4E-783B44C859C8}.Debug|x64.ActiveCfg = Debug|x64
		{CE54A2FC-8773-413F-AA4E-783B44C859C8}.Debug|x64.Build.0 = Debug|x64
		{CE54A2FC-8773-413F-AA4E-783B44C859C8}.Debug|x86.ActiveCfg = Debug|Win32
		{CE54A2FC-8773-413F-AA4E-783B44C859C8}.Debug|x86.Build.0 = Debug|Win32
		{CE54A2FC-8773-413F-AA4E-783B44C859C8}.Release|x64.ActiveCfg = Release|x64
		{CE54A2FC-8773-413F-AA4E-783B44C859C8}.Release|x64.Build.0 = Release|x64
		{CE54A2FC-8773-413F-AA4E-783B44C859C8}.Release|x86.ActiveCfg = Release|Win32
		{CE54A2FC-8773-413F-AA4E-783B44C859C8}.Release|x86.Build.0 = Release|Win32
		{F11148B1-6BBA-4C5C-BC2A-FB10B99A838B}.Debug|x64.ActiveCfg = Debug|x64
		{F11148B1-6BBA-4C5C-BC2A-FB10B99A838B}.Debug|x64.Build.0 = Debug|x64
		{F11148B1-6BBA-4C5C-BC2A-FB10B99A838B}.Debug|x86.ActiveCfg = Debug|Win32
		{F11148B1-6BBA-4C5C-BC2A-FB10B99A838B}.Debug|x86.Build.0 = Debug|Win32
		{F11148B1-6BBA-4C5C-BC2A-FB10B99A838B}.Release|x64.ActiveCfg = Release|x64
		{F11148B1-6BBA-4C5C-BC2A-FB10B99A838B}.Release|x64.Build.0 = Release|x64
		{F11148B1-6BBA-4C5C-BC2A-FB10B99A838B}.Release|x86.ActiveCfg = Release|Win32
		{F11148B1-6BBA-4C5C-BC2A-FB10B99A838B}.Release|x86.Build.0 = Release|Win32
	EndGlobalSection
	GlobalSection(SolutionProperties) = preSolution
		HideSolutionNode = FALSE
	EndGlobalSection
	GlobalSection(NestedProjects) = preSolution
		{D1DF3115-44DF-433D-A342-F5E4CE2F929E} = {63ABD2AB-CB0B-4794-BE3F-8E72A3F8A14D}
		{45BD4009-F399-49AF-B53E-FBF533A16B8B} = {63ABD2AB-CB0B-4794-BE3F-8E72A3F8A14D}
		{715B0E02-D2CE-47F0-B298-DB6E6D9F9EB4} = {63ABD2AB-CB0B-4794-BE3F-8E72A3F8A14D}
		{E0630199-4AD7-4049-BE05-CBDF79474A5F} = {63ABD2AB-CB0B-4794-BE3F-8E72A3F8A14D}
		{5F641E24-A7F0-4D95-BFCE-5E8EF0F80920} = {63ABD2AB-CB0B-4794-BE3F-8E72A3F8A14D}
		{F6282DE2-D95F-499B-87A2-A2CD7D36778E} = {63ABD2AB-CB0B-4794-BE3F-8E72A3F8A14D}
		{B10A4542-5157-4421-868E-F0DEC36F87DE} = {63ABD2AB-CB0B-4794-BE3F-8E72A3F8A14D}
		{35B61BB5-247E-4825-A6CB-E40134459DEF} = {63ABD2AB-CB0B-4794-BE3F-8E72A3F8A14D}
		{CE54A2FC-8773-413F-AA4E-783B44C859C8} = {63ABD2AB-CB0B-4794-BE3F-8E72A3F8A14D}
		{F11148B1-6BBA-4C5C-BC2A-FB10B99A838B} = {3FF727B8-64BC-4BC1-BE82-BBFC1AF59B37}
	EndGlobalSection
	GlobalSection(ExtensibilityGlobals) = postSolution
		SolutionGuid = {34321313-4357-4C80-A991-EF489BBF8024}
	EndGlobalSection
EndGlobal
